
Microsoft Visual Studio Solution File, Format Version 12.00
# Visual Studio Version 17
VisualStudioVersion = 17.0.31903.59
MinimumVisualStudioVersion = 10.0.40219.1
Project("{9A19103F-16F7-4668-BE54-9A1E7A4F7556}") = "EnergyOptimizer.API", "EnergyOptimizer.API\EnergyOptimizer.API.csproj", "{02E4A1F7-B370-4ED1-B94D-F420BB47694A}"
EndProject
Project("{9A19103F-16F7-4668-BE54-9A1E7A4F7556}") = "EnergyOptimizer.Core", "EnergyOptimizer.Core\EnergyOptimizer.Core.csproj", "{1A2A28EF-8FDE-44B8-91ED-B910A6C04344}"
EndProject
Project("{9A19103F-16F7-4668-BE54-9A1E7A4F7556}") = "EnergyOptimizer.Infrastructure", "EnergyOptimizer.Infrastructure\EnergyOptimizer.Infrastructure.csproj", "{0815ADA7-9448-4C62-97B7-30D695370E4B}"
EndProject
Project("{9A19103F-16F7-4668-BE54-9A1E7A4F7556}") = "EnergyOptimizer.Data", "EnergyOptimizer.Data\EnergyOptimizer.Data.csproj", "{99CF8F40-2D99-4882-839A-C3FAB4B813EA}"
EndProject
Project("{9A19103F-16F7-4668-BE54-9A1E7A4F7556}") = "EnergyOptimizer.Service", "EnergyOptimizer.Service\EnergyOptimizer.Service.csproj", "{1958D460-6876-4218-BE92-D9361CCEC174}"
EndProject
Project("{FAE04EC0-301F-11D3-BF4B-00C04F79EFBC}") = "EnergyOptimizer.Tests", "Energy-Optimizer-Test\EnergyOptimizer.Tests.csproj", "{21359FF4-E3E8-4935-ACD9-5DB4F8D178D2}"
EndProject
Global
	GlobalSection(SolutionConfigurationPlatforms) = preSolution
		Debug|Any CPU = Debug|Any CPU
		Release|Any CPU = Release|Any CPU
	EndGlobalSection
	GlobalSection(ProjectConfigurationPlatforms) = postSolution
		{02E4A1F7-B370-4ED1-B94D-F420BB47694A}.Debug|Any CPU.ActiveCfg = Debug|Any CPU
		{02E4A1F7-B370-4ED1-B94D-F420BB47694A}.Debug|Any CPU.Build.0 = Debug|Any CPU
		{02E4A1F7-B370-4ED1-B94D-F420BB47694A}.Release|Any CPU.ActiveCfg = Release|Any CPU
		{02E4A1F7-B370-4ED1-B94D-F420BB47694A}.Release|Any CPU.Build.0 = Release|Any CPU
		{1A2A28EF-8FDE-44B8-91ED-B910A6C04344}.Debug|Any CPU.ActiveCfg = Debug|Any CPU
		{1A2A28EF-8FDE-44B8-91ED-B910A6C04344}.Debug|Any CPU.Build.0 = Debug|Any CPU
		{1A2A28EF-8FDE-44B8-91ED-B910A6C04344}.Release|Any CPU.ActiveCfg = Release|Any CPU
		{1A2A28EF-8FDE-44B8-91ED-B910A6C04344}.Release|Any CPU.Build.0 = Release|Any CPU
		{0815ADA7-9448-4C62-97B7-30D695370E4B}.Debug|Any CPU.ActiveCfg = Debug|Any CPU
		{0815ADA7-9448-4C62-97B7-30D695370E4B}.Debug|Any CPU.Build.0 = Debug|Any CPU
		{0815ADA7-9448-4C62-97B7-30D695370E4B}.Release|Any CPU.ActiveCfg = Release|Any CPU
		{0815ADA7-9448-4C62-97B7-30D695370E4B}.Release|Any CPU.Build.0 = Release|Any CPU
		{99CF8F40-2D99-4882-839A-C3FAB4B813EA}.Debug|Any CPU.ActiveCfg = Debug|Any CPU
		{99CF8F40-2D99-4882-839A-C3FAB4B813EA}.Debug|Any CPU.Build.0 = Debug|Any CPU
		{99CF8F40-2D99-4882-839A-C3FAB4B813EA}.Release|Any CPU.ActiveCfg = Release|Any CPU
		{99CF8F40-2D99-4882-839A-C3FAB4B813EA}.Release|Any CPU.Build.0 = Release|Any CPU
		{1958D460-6876-4218-BE92-D9361CCEC174}.Debug|Any CPU.ActiveCfg = Debug|Any CPU
		{1958D460-6876-4218-BE92-D9361CCEC174}.Debug|Any CPU.Build.0 = Debug|Any CPU
		{1958D460-6876-4218-BE92-D9361CCEC174}.Release|Any CPU.ActiveCfg = Release|Any CPU
		{1958D460-6876-4218-BE92-D9361CCEC174}.Release|Any CPU.Build.0 = Release|Any CPU
		{21359FF4-E3E8-4935-ACD9-5DB4F8D178D2}.Debug|Any CPU.ActiveCfg = Debug|Any CPU
		{21359FF4-E3E8-4935-ACD9-5DB4F8D178D2}.Debug|Any CPU.Build.0 = Debug|Any CPU
		{21359FF4-E3E8-4935-ACD9-5DB4F8D178D2}.Release|Any CPU.ActiveCfg = Release|Any CPU
		{21359FF4-E3E8-4935-ACD9-5DB4F8D178D2}.Release|Any CPU.Build.0 = Release|Any CPU
	EndGlobalSection
	GlobalSection(SolutionProperties) = preSolution
		HideSolutionNode = FALSE
	EndGlobalSection
	GlobalSection(ExtensibilityGlobals) = postSolution
		SolutionGuid = {5E55B68A-BBC3-4251-84DC-3BEE91CA74FA}
	EndGlobalSection
EndGlobal
